
Microsoft Visual Studio Solution File, Format Version 12.00
# Visual Studio 15
VisualStudioVersion = 15.0.27130.2026
MinimumVisualStudioVersion = 10.0.40219.1
Project("{FAE04EC0-301F-11D3-BF4B-00C04F79EFBC}") = "CompulsoryCow", "CompulsoryCow\CompulsoryCow.csproj", "{6E35CAC1-2B16-4A16-B653-EE19DEBBED91}"
EndProject
Project("{FAE04EC0-301F-11D3-BF4B-00C04F79EFBC}") = "StringExtensionTest", "StringExtensionTest\StringExtensionTest.csproj", "{AFDED7A6-E932-441F-A98C-FEE85A88D83E}"
EndProject
Project("{2150E333-8FDC-42A3-9474-1A3956D46DE8}") = "Solution Items", "Solution Items", "{3EAE5209-1053-42F0-9AB7-FDEE1D9405C8}"
	ProjectSection(SolutionItems) = preProject
		AssemblyInfo.shared.cs = AssemblyInfo.shared.cs
		BuildNugetPackage.ps1 = BuildNugetPackage.ps1
		license.txt = license.txt
		README.md = README.md
	EndProjectSection
EndProject
Project("{FAE04EC0-301F-11D3-BF4B-00C04F79EFBC}") = "SerializerTest", "SerializerTest\SerializerTest.csproj", "{49C17E3B-B4DA-4883-A162-7245809AE9A0}"
EndProject
Project("{FAE04EC0-301F-11D3-BF4B-00C04F79EFBC}") = "MetaTest", "ReflectionUtilitiesTests\MetaTest.csproj", "{C935AD50-7F0F-4DA6-8A3A-E3BB1B942616}"
EndProject
Project("{FAE04EC0-301F-11D3-BF4B-00C04F79EFBC}") = "ReachPrivateInTest", "ReachPrivateInTest\ReachPrivateInTest.csproj", "{353C8A3B-FA3E-4F71-A338-14C16D4908E0}"
EndProject
Project("{FAE04EC0-301F-11D3-BF4B-00C04F79EFBC}") = "ReachPrivateInTestClassesDotnetFramework", "ReachPrivateInTestClassesDotnetFramework\ReachPrivateInTestClassesDotnetFramework.csproj", "{693B8417-5A7B-48BD-987C-01C6E13CBB06}"
EndProject
Project("{9A19103F-16F7-4668-BE54-9A1E7A4F7556}") = "ReachPrivateInTestClassesDotnetStandard", "ReachPrivateInTestClassesDotnetStandard\ReachPrivateInTestClassesDotnetStandard.csproj", "{F09C6D65-7B9A-4BD5-9275-154D60C7443A}"
EndProject
Project("{FAE04EC0-301F-11D3-BF4B-00C04F79EFBC}") = "MetaTestClassesDotnetFramework", "MetaTestClassesDotnetFramework\MetaTestClassesDotnetFramework.csproj", "{9A7431D9-384F-49B2-8F8B-DC6E6590DE79}"
EndProject
Project("{FAE04EC0-301F-11D3-BF4B-00C04F79EFBC}") = "ReachInTest", "ReachInTest\ReachInTest.csproj", "{439006B8-496A-4102-AE93-A7D8727A24BB}"
EndProject
Project("{FAE04EC0-301F-11D3-BF4B-00C04F79EFBC}") = "ReachInTestDotnetFramework", "ReachInTestDotnetFramework\ReachInTestDotnetFramework.csproj", "{DF12FE49-B140-40D2-819D-62EB19666439}"
EndProject
Project("{9A19103F-16F7-4668-BE54-9A1E7A4F7556}") = "AreEqualTest", "AreEqualTest\AreEqualTest.csproj", "{7FCAA18E-0E4B-4FE9-B48A-B77F900ECD0F}"
EndProject
Project("{9A19103F-16F7-4668-BE54-9A1E7A4F7556}") = "CompulsoryCow.AreEqual", "CompulsoryCow.AreEqual\CompulsoryCow.AreEqual.csproj", "{6738D9F6-4F35-41D8-BF14-F1890B03047A}"
EndProject
Project("{2150E333-8FDC-42A3-9474-1A3956D46DE8}") = "Build", "Build", "{B6BA6D69-846B-4AB1-B9D5-0D2CA3A7FAC8}"
	ProjectSection(SolutionItems) = preProject
		Build\build.cake = Build\build.cake
		Build\build.ps1 = Build\build.ps1
	EndProjectSection
EndProject
Project("{9A19103F-16F7-4668-BE54-9A1E7A4F7556}") = "CompulsoryCow.IsEqualsImplemented", "CompulsoryCow.IsEqualsImplemented\CompulsoryCow.IsEqualsImplemented.csproj", "{11900458-7FFC-4C47-BA6E-98AE674C8075}"
EndProject
Project("{9A19103F-16F7-4668-BE54-9A1E7A4F7556}") = "IsEqualsImplementedTest", "IsEqualsImplementedTest\IsEqualsImplementedTest.csproj", "{2232C1DA-EB28-4CFD-ABD6-90EAA2F53D6A}"
EndProject
Project("{FAE04EC0-301F-11D3-BF4B-00C04F79EFBC}") = "IsEqualsImplementedAssemblyOk", "IsEqualsImplementedAssemblyOk\IsEqualsImplementedAssemblyOk.csproj", "{C3DE77E0-4FA2-471E-8533-E8394134D997}"
EndProject
Project("{FAE04EC0-301F-11D3-BF4B-00C04F79EFBC}") = "IsEqualsImplementedAssemblyNotOk", "IsEqualsImplementedAssemblyNotOk\IsEqualsImplementedAssemblyNotOk.csproj", "{477BAE5E-83B2-4435-90A5-0914038553BF}"
EndProject
Project("{FAE04EC0-301F-11D3-BF4B-00C04F79EFBC}") = "IsEqualsImplementedAssemblyNoDefinitionAtAll", "IsEqualsImplementedAssemblyNoDefinitionAtAll\IsEqualsImplementedAssemblyNoDefinitionAtAll.csproj", "{D8C66AA4-E8A9-426E-8D56-1D6B15C772A8}"
EndProject
Global
	GlobalSection(SolutionConfigurationPlatforms) = preSolution
		Debug|Any CPU = Debug|Any CPU
		Release|Any CPU = Release|Any CPU
	EndGlobalSection
	GlobalSection(ProjectConfigurationPlatforms) = postSolution
		{6E35CAC1-2B16-4A16-B653-EE19DEBBED91}.Debug|Any CPU.ActiveCfg = Debug|Any CPU
		{6E35CAC1-2B16-4A16-B653-EE19DEBBED91}.Debug|Any CPU.Build.0 = Debug|Any CPU
		{6E35CAC1-2B16-4A16-B653-EE19DEBBED91}.Release|Any CPU.ActiveCfg = Release|Any CPU
		{6E35CAC1-2B16-4A16-B653-EE19DEBBED91}.Release|Any CPU.Build.0 = Release|Any CPU
		{AFDED7A6-E932-441F-A98C-FEE85A88D83E}.Debug|Any CPU.ActiveCfg = Debug|Any CPU
		{AFDED7A6-E932-441F-A98C-FEE85A88D83E}.Debug|Any CPU.Build.0 = Debug|Any CPU
		{AFDED7A6-E932-441F-A98C-FEE85A88D83E}.Release|Any CPU.ActiveCfg = Release|Any CPU
		{AFDED7A6-E932-441F-A98C-FEE85A88D83E}.Release|Any CPU.Build.0 = Release|Any CPU
		{49C17E3B-B4DA-4883-A162-7245809AE9A0}.Debug|Any CPU.ActiveCfg = Debug|Any CPU
		{49C17E3B-B4DA-4883-A162-7245809AE9A0}.Debug|Any CPU.Build.0 = Debug|Any CPU
		{49C17E3B-B4DA-4883-A162-7245809AE9A0}.Release|Any CPU.ActiveCfg = Release|Any CPU
		{49C17E3B-B4DA-4883-A162-7245809AE9A0}.Release|Any CPU.Build.0 = Release|Any CPU
		{C935AD50-7F0F-4DA6-8A3A-E3BB1B942616}.Debug|Any CPU.ActiveCfg = Debug|Any CPU
		{C935AD50-7F0F-4DA6-8A3A-E3BB1B942616}.Debug|Any CPU.Build.0 = Debug|Any CPU
		{C935AD50-7F0F-4DA6-8A3A-E3BB1B942616}.Release|Any CPU.ActiveCfg = Release|Any CPU
		{C935AD50-7F0F-4DA6-8A3A-E3BB1B942616}.Release|Any CPU.Build.0 = Release|Any CPU
		{353C8A3B-FA3E-4F71-A338-14C16D4908E0}.Debug|Any CPU.ActiveCfg = Debug|Any CPU
		{353C8A3B-FA3E-4F71-A338-14C16D4908E0}.Debug|Any CPU.Build.0 = Debug|Any CPU
		{353C8A3B-FA3E-4F71-A338-14C16D4908E0}.Release|Any CPU.ActiveCfg = Release|Any CPU
		{353C8A3B-FA3E-4F71-A338-14C16D4908E0}.Release|Any CPU.Build.0 = Release|Any CPU
		{693B8417-5A7B-48BD-987C-01C6E13CBB06}.Debug|Any CPU.ActiveCfg = Debug|Any CPU
		{693B8417-5A7B-48BD-987C-01C6E13CBB06}.Debug|Any CPU.Build.0 = Debug|Any CPU
		{693B8417-5A7B-48BD-987C-01C6E13CBB06}.Release|Any CPU.ActiveCfg = Release|Any CPU
		{693B8417-5A7B-48BD-987C-01C6E13CBB06}.Release|Any CPU.Build.0 = Release|Any CPU
		{F09C6D65-7B9A-4BD5-9275-154D60C7443A}.Debug|Any CPU.ActiveCfg = Debug|Any CPU
		{F09C6D65-7B9A-4BD5-9275-154D60C7443A}.Debug|Any CPU.Build.0 = Debug|Any CPU
		{F09C6D65-7B9A-4BD5-9275-154D60C7443A}.Release|Any CPU.ActiveCfg = Release|Any CPU
		{F09C6D65-7B9A-4BD5-9275-154D60C7443A}.Release|Any CPU.Build.0 = Release|Any CPU
		{9A7431D9-384F-49B2-8F8B-DC6E6590DE79}.Debug|Any CPU.ActiveCfg = Debug|Any CPU
		{9A7431D9-384F-49B2-8F8B-DC6E6590DE79}.Debug|Any CPU.Build.0 = Debug|Any CPU
		{9A7431D9-384F-49B2-8F8B-DC6E6590DE79}.Release|Any CPU.ActiveCfg = Release|Any CPU
		{9A7431D9-384F-49B2-8F8B-DC6E6590DE79}.Release|Any CPU.Build.0 = Release|Any CPU
		{439006B8-496A-4102-AE93-A7D8727A24BB}.Debug|Any CPU.ActiveCfg = Debug|Any CPU
		{439006B8-496A-4102-AE93-A7D8727A24BB}.Debug|Any CPU.Build.0 = Debug|Any CPU
		{439006B8-496A-4102-AE93-A7D8727A24BB}.Release|Any CPU.ActiveCfg = Release|Any CPU
		{439006B8-496A-4102-AE93-A7D8727A24BB}.Release|Any CPU.Build.0 = Release|Any CPU
		{DF12FE49-B140-40D2-819D-62EB19666439}.Debug|Any CPU.ActiveCfg = Debug|Any CPU
		{DF12FE49-B140-40D2-819D-62EB19666439}.Debug|Any CPU.Build.0 = Debug|Any CPU
		{DF12FE49-B140-40D2-819D-62EB19666439}.Release|Any CPU.ActiveCfg = Release|Any CPU
		{DF12FE49-B140-40D2-819D-62EB19666439}.Release|Any CPU.Build.0 = Release|Any CPU
		{7FCAA18E-0E4B-4FE9-B48A-B77F900ECD0F}.Debug|Any CPU.ActiveCfg = Debug|Any CPU
		{7FCAA18E-0E4B-4FE9-B48A-B77F900ECD0F}.Debug|Any CPU.Build.0 = Debug|Any CPU
		{7FCAA18E-0E4B-4FE9-B48A-B77F900ECD0F}.Release|Any CPU.ActiveCfg = Release|Any CPU
		{7FCAA18E-0E4B-4FE9-B48A-B77F900ECD0F}.Release|Any CPU.Build.0 = Release|Any CPU
		{6738D9F6-4F35-41D8-BF14-F1890B03047A}.Debug|Any CPU.ActiveCfg = Debug|Any CPU
		{6738D9F6-4F35-41D8-BF14-F1890B03047A}.Debug|Any CPU.Build.0 = Debug|Any CPU
		{6738D9F6-4F35-41D8-BF14-F1890B03047A}.Release|Any CPU.ActiveCfg = Release|Any CPU
		{6738D9F6-4F35-41D8-BF14-F1890B03047A}.Release|Any CPU.Build.0 = Release|Any CPU
		{11900458-7FFC-4C47-BA6E-98AE674C8075}.Debug|Any CPU.ActiveCfg = Debug|Any CPU
		{11900458-7FFC-4C47-BA6E-98AE674C8075}.Debug|Any CPU.Build.0 = Debug|Any CPU
		{11900458-7FFC-4C47-BA6E-98AE674C8075}.Release|Any CPU.ActiveCfg = Release|Any CPU
		{11900458-7FFC-4C47-BA6E-98AE674C8075}.Release|Any CPU.Build.0 = Release|Any CPU
		{2232C1DA-EB28-4CFD-ABD6-90EAA2F53D6A}.Debug|Any CPU.ActiveCfg = Debug|Any CPU
		{2232C1DA-EB28-4CFD-ABD6-90EAA2F53D6A}.Debug|Any CPU.Build.0 = Debug|Any CPU
		{2232C1DA-EB28-4CFD-ABD6-90EAA2F53D6A}.Release|Any CPU.ActiveCfg = Release|Any CPU
		{2232C1DA-EB28-4CFD-ABD6-90EAA2F53D6A}.Release|Any CPU.Build.0 = Release|Any CPU
		{C3DE77E0-4FA2-471E-8533-E8394134D997}.Debug|Any CPU.ActiveCfg = Debug|Any CPU
		{C3DE77E0-4FA2-471E-8533-E8394134D997}.Debug|Any CPU.Build.0 = Debug|Any CPU
		{C3DE77E0-4FA2-471E-8533-E8394134D997}.Release|Any CPU.ActiveCfg = Release|Any CPU
		{C3DE77E0-4FA2-471E-8533-E8394134D997}.Release|Any CPU.Build.0 = Release|Any CPU
		{477BAE5E-83B2-4435-90A5-0914038553BF}.Debug|Any CPU.ActiveCfg = Debug|Any CPU
		{477BAE5E-83B2-4435-90A5-0914038553BF}.Debug|Any CPU.Build.0 = Debug|Any CPU
		{477BAE5E-83B2-4435-90A5-0914038553BF}.Release|Any CPU.ActiveCfg = Release|Any CPU
		{477BAE5E-83B2-4435-90A5-0914038553BF}.Release|Any CPU.Build.0 = Release|Any CPU
		{D8C66AA4-E8A9-426E-8D56-1D6B15C772A8}.Debug|Any CPU.ActiveCfg = Debug|Any CPU
		{D8C66AA4-E8A9-426E-8D56-1D6B15C772A8}.Debug|Any CPU.Build.0 = Debug|Any CPU
		{D8C66AA4-E8A9-426E-8D56-1D6B15C772A8}.Release|Any CPU.ActiveCfg = Release|Any CPU
		{D8C66AA4-E8A9-426E-8D56-1D6B15C772A8}.Release|Any CPU.Build.0 = Release|Any CPU
	EndGlobalSection
	GlobalSection(SolutionProperties) = preSolution
		HideSolutionNode = FALSE
	EndGlobalSection
	GlobalSection(NestedProjects) = preSolution
		{B6BA6D69-846B-4AB1-B9D5-0D2CA3A7FAC8} = {3EAE5209-1053-42F0-9AB7-FDEE1D9405C8}
	EndGlobalSection
	GlobalSection(ExtensibilityGlobals) = postSolution
		SolutionGuid = {7C034792-6F0A-4A9F-8155-2858283515F7}
	EndGlobalSection
EndGlobal
